
Microsoft Visual Studio Solution File, Format Version 12.00
# Visual Studio Version 16
VisualStudioVersion = 16.0.30717.126
MinimumVisualStudioVersion = 10.0.40219.1
Project("{9A19103F-16F7-4668-BE54-9A1E7A4F7556}") = "Wazzup.Web", "Wazzup.Web\Wazzup.Web.csproj", "{128AF046-17DF-4078-9092-804BD325C446}"
EndProject
Project("{9A19103F-16F7-4668-BE54-9A1E7A4F7556}") = "Wazzup.Messaging", "Wazzup.Messaging\Wazzup.Messaging.csproj", "{BC758629-D8F0-4F3C-8AC3-08BF01E35D61}"
EndProject
Project("{FAE04EC0-301F-11D3-BF4B-00C04F79EFBC}") = "Wazzup.Identity", "Wazzup.Identity\Wazzup.Identity.csproj", "{5AD9E54A-3B44-44DA-B0DA-52408C47EF3A}"
EndProject
Project("{FAE04EC0-301F-11D3-BF4B-00C04F79EFBC}") = "Wazzup.Common", "Wazzup.Common\Wazzup.Common.csproj", "{C617A479-C6AE-401C-A00B-750C8CADEA58}"
EndProject
Global
	GlobalSection(SolutionConfigurationPlatforms) = preSolution
		Debug|Any CPU = Debug|Any CPU
		Release|Any CPU = Release|Any CPU
	EndGlobalSection
	GlobalSection(ProjectConfigurationPlatforms) = postSolution
		{128AF046-17DF-4078-9092-804BD325C446}.Debug|Any CPU.ActiveCfg = Debug|Any CPU
		{128AF046-17DF-4078-9092-804BD325C446}.Debug|Any CPU.Build.0 = Debug|Any CPU
		{128AF046-17DF-4078-9092-804BD325C446}.Release|Any CPU.ActiveCfg = Release|Any CPU
		{128AF046-17DF-4078-9092-804BD325C446}.Release|Any CPU.Build.0 = Release|Any CPU
		{BC758629-D8F0-4F3C-8AC3-08BF01E35D61}.Debug|Any CPU.ActiveCfg = Debug|Any CPU
		{BC758629-D8F0-4F3C-8AC3-08BF01E35D61}.Debug|Any CPU.Build.0 = Debug|Any CPU
		{BC758629-D8F0-4F3C-8AC3-08BF01E35D61}.Release|Any CPU.ActiveCfg = Release|Any CPU
		{BC758629-D8F0-4F3C-8AC3-08BF01E35D61}.Release|Any CPU.Build.0 = Release|Any CPU
		{5AD9E54A-3B44-44DA-B0DA-52408C47EF3A}.Debug|Any CPU.ActiveCfg = Debug|Any CPU
		{5AD9E54A-3B44-44DA-B0DA-52408C47EF3A}.Debug|Any CPU.Build.0 = Debug|Any CPU
		{5AD9E54A-3B44-44DA-B0DA-52408C47EF3A}.Release|Any CPU.ActiveCfg = Release|Any CPU
		{5AD9E54A-3B44-44DA-B0DA-52408C47EF3A}.Release|Any CPU.Build.0 = Release|Any CPU
		{C617A479-C6AE-401C-A00B-750C8CADEA58}.Debug|Any CPU.ActiveCfg = Debug|Any CPU
		{C617A479-C6AE-401C-A00B-750C8CADEA58}.Debug|Any CPU.Build.0 = Debug|Any CPU
		{C617A479-C6AE-401C-A00B-750C8CADEA58}.Release|Any CPU.ActiveCfg = Release|Any CPU
		{C617A479-C6AE-401C-A00B-750C8CADEA58}.Release|Any CPU.Build.0 = Release|Any CPU
	EndGlobalSection
	GlobalSection(SolutionProperties) = preSolution
		HideSolutionNode = FALSE
	EndGlobalSection
	GlobalSection(ExtensibilityGlobals) = postSolution
		SolutionGuid = {55B8DAC7-FA5D-4D8E-B127-C918E71D11A3}
	EndGlobalSection
EndGlobal
